// !$*UTF8*$!
{
	archiveVersion = 1;
	classes = {
	};
	objectVersion = 46;
	objects = {

/* Begin PBXBuildFile section */
		77060CDA1ACF6ED00054CE1B /* AFHTTPRequestOperation.m in Sources */ = {isa = PBXBuildFile; fileRef = 77060CB61ACF6ED00054CE1B /* AFHTTPRequestOperation.m */; };
		77060CDB1ACF6ED00054CE1B /* AFHTTPRequestOperationManager.m in Sources */ = {isa = PBXBuildFile; fileRef = 77060CB81ACF6ED00054CE1B /* AFHTTPRequestOperationManager.m */; };
		77060CDC1ACF6ED00054CE1B /* AFHTTPSessionManager.m in Sources */ = {isa = PBXBuildFile; fileRef = 77060CBA1ACF6ED00054CE1B /* AFHTTPSessionManager.m */; };
		77060CDD1ACF6ED00054CE1B /* AFNetworkReachabilityManager.m in Sources */ = {isa = PBXBuildFile; fileRef = 77060CBD1ACF6ED00054CE1B /* AFNetworkReachabilityManager.m */; };
		77060CDE1ACF6ED00054CE1B /* AFSecurityPolicy.m in Sources */ = {isa = PBXBuildFile; fileRef = 77060CBF1ACF6ED00054CE1B /* AFSecurityPolicy.m */; };
		77060CDF1ACF6ED00054CE1B /* AFURLConnectionOperation.m in Sources */ = {isa = PBXBuildFile; fileRef = 77060CC11ACF6ED00054CE1B /* AFURLConnectionOperation.m */; };
		77060CE01ACF6ED00054CE1B /* AFURLRequestSerialization.m in Sources */ = {isa = PBXBuildFile; fileRef = 77060CC31ACF6ED00054CE1B /* AFURLRequestSerialization.m */; };
		77060CE11ACF6ED00054CE1B /* AFURLResponseSerialization.m in Sources */ = {isa = PBXBuildFile; fileRef = 77060CC51ACF6ED00054CE1B /* AFURLResponseSerialization.m */; };
		77060CE21ACF6ED00054CE1B /* AFURLSessionManager.m in Sources */ = {isa = PBXBuildFile; fileRef = 77060CC71ACF6ED00054CE1B /* AFURLSessionManager.m */; };
		77060CE31ACF6ED00054CE1B /* AFNetworkActivityIndicatorManager.m in Sources */ = {isa = PBXBuildFile; fileRef = 77060CCA1ACF6ED00054CE1B /* AFNetworkActivityIndicatorManager.m */; };
		77060CE41ACF6ED00054CE1B /* UIActivityIndicatorView+AFNetworking.m in Sources */ = {isa = PBXBuildFile; fileRef = 77060CCC1ACF6ED00054CE1B /* UIActivityIndicatorView+AFNetworking.m */; };
		77060CE51ACF6ED00054CE1B /* UIAlertView+AFNetworking.m in Sources */ = {isa = PBXBuildFile; fileRef = 77060CCE1ACF6ED00054CE1B /* UIAlertView+AFNetworking.m */; };
		77060CE61ACF6ED00054CE1B /* UIButton+AFNetworking.m in Sources */ = {isa = PBXBuildFile; fileRef = 77060CD01ACF6ED00054CE1B /* UIButton+AFNetworking.m */; };
		77060CE71ACF6ED00054CE1B /* UIImageView+AFNetworking.m in Sources */ = {isa = PBXBuildFile; fileRef = 77060CD21ACF6ED00054CE1B /* UIImageView+AFNetworking.m */; };
		77060CE81ACF6ED00054CE1B /* UIProgressView+AFNetworking.m in Sources */ = {isa = PBXBuildFile; fileRef = 77060CD51ACF6ED00054CE1B /* UIProgressView+AFNetworking.m */; };
		77060CE91ACF6ED00054CE1B /* UIRefreshControl+AFNetworking.m in Sources */ = {isa = PBXBuildFile; fileRef = 77060CD71ACF6ED00054CE1B /* UIRefreshControl+AFNetworking.m */; };
		77060CEA1ACF6ED00054CE1B /* UIWebView+AFNetworking.m in Sources */ = {isa = PBXBuildFile; fileRef = 77060CD91ACF6ED00054CE1B /* UIWebView+AFNetworking.m */; };
		77060CED1ACF6FAD0054CE1B /* DealsHTTPClient.m in Sources */ = {isa = PBXBuildFile; fileRef = 77060CEC1ACF6FAD0054CE1B /* DealsHTTPClient.m */; };
		77095C5F1AE5924A00775C69 /* InfoPlist.strings in Resources */ = {isa = PBXBuildFile; fileRef = 77095C611AE5924A00775C69 /* InfoPlist.strings */; };
		772BA2791B1BC83F00E81D4A /* MyriadPro-Regular.otf in Resources */ = {isa = PBXBuildFile; fileRef = 772BA2771B1BC83F00E81D4A /* MyriadPro-Regular.otf */; };
		772BA27A1B1BC83F00E81D4A /* MyriadPro-Semibold.otf in Resources */ = {isa = PBXBuildFile; fileRef = 772BA2781B1BC83F00E81D4A /* MyriadPro-Semibold.otf */; };
		772BA27E1B1BDDD800E81D4A /* NavRowTableViewCell.m in Sources */ = {isa = PBXBuildFile; fileRef = 772BA27C1B1BDDD800E81D4A /* NavRowTableViewCell.m */; };
		772BA27F1B1BDDD800E81D4A /* NavRowTableViewCell.xib in Resources */ = {isa = PBXBuildFile; fileRef = 772BA27D1B1BDDD800E81D4A /* NavRowTableViewCell.xib */; };
		772BA2831B1BF88E00E81D4A /* NavTopTableViewCell.m in Sources */ = {isa = PBXBuildFile; fileRef = 772BA2811B1BF88E00E81D4A /* NavTopTableViewCell.m */; };
		772BA2841B1BF88E00E81D4A /* NavTopTableViewCell.xib in Resources */ = {isa = PBXBuildFile; fileRef = 772BA2821B1BF88E00E81D4A /* NavTopTableViewCell.xib */; };
		772BA2861B1C26F400E81D4A /* logo_520.png in Resources */ = {isa = PBXBuildFile; fileRef = 772BA2851B1C26F400E81D4A /* logo_520.png */; };
		7733746E1B1528D800BF7C57 /* WineTypeCell.m in Sources */ = {isa = PBXBuildFile; fileRef = 7733746D1B1528D800BF7C57 /* WineTypeCell.m */; };
		773374711B155F0800BF7C57 /* SOLabel.m in Sources */ = {isa = PBXBuildFile; fileRef = 773374701B155F0800BF7C57 /* SOLabel.m */; };
		7734F4C31AF6AE12002C9CE2 /* DealsTableViewController.xib in Resources */ = {isa = PBXBuildFile; fileRef = 7734F4C21AF6AE12002C9CE2 /* DealsTableViewController.xib */; };
		7734F4C61AF6DA89002C9CE2 /* VLSearchBar.m in Sources */ = {isa = PBXBuildFile; fileRef = 7734F4C51AF6DA89002C9CE2 /* VLSearchBar.m */; };
		7734F4C91AF6DB0C002C9CE2 /* VLSearchController.m in Sources */ = {isa = PBXBuildFile; fileRef = 7734F4C81AF6DB0C002C9CE2 /* VLSearchController.m */; };
		7762A8311AC669F5000DA267 /* main.m in Sources */ = {isa = PBXBuildFile; fileRef = 7762A8301AC669F5000DA267 /* main.m */; };
		7762A8341AC669F5000DA267 /* VinLoopDelegate.m in Sources */ = {isa = PBXBuildFile; fileRef = 7762A8331AC669F5000DA267 /* VinLoopDelegate.m */; };
		7762A83A1AC669F5000DA267 /* Main.storyboard in Resources */ = {isa = PBXBuildFile; fileRef = 7762A8381AC669F5000DA267 /* Main.storyboard */; };
		7762A83C1AC669F5000DA267 /* Images.xcassets in Resources */ = {isa = PBXBuildFile; fileRef = 7762A83B1AC669F5000DA267 /* Images.xcassets */; };
		7762A83F1AC669F5000DA267 /* LaunchScreen.xib in Resources */ = {isa = PBXBuildFile; fileRef = 7762A83D1AC669F5000DA267 /* LaunchScreen.xib */; };
		7762A84B1AC669F5000DA267 /* VinLoopTests.m in Sources */ = {isa = PBXBuildFile; fileRef = 7762A84A1AC669F5000DA267 /* VinLoopTests.m */; };
		7762A8561AC66FB9000DA267 /* DealsTableViewController.m in Sources */ = {isa = PBXBuildFile; fileRef = 7762A8551AC66FB9000DA267 /* DealsTableViewController.m */; };
		7762A8591AC68C8E000DA267 /* DealItem.m in Sources */ = {isa = PBXBuildFile; fileRef = 7762A8581AC68C8E000DA267 /* DealItem.m */; };
		7762A85D1AC6915C000DA267 /* DealItemCell.m in Sources */ = {isa = PBXBuildFile; fileRef = 7762A85B1AC6915C000DA267 /* DealItemCell.m */; };
		7762A85E1AC6915C000DA267 /* DealItemCell.xib in Resources */ = {isa = PBXBuildFile; fileRef = 7762A85C1AC6915C000DA267 /* DealItemCell.xib */; };
		776365801B198DAF00E22CCF /* SWRevealViewController.m in Sources */ = {isa = PBXBuildFile; fileRef = 7763657F1B198DAF00E22CCF /* SWRevealViewController.m */; };
		7769A4351AF065E600284CC8 /* FavViewController.m in Sources */ = {isa = PBXBuildFile; fileRef = 7769A4331AF065E600284CC8 /* FavViewController.m */; };
		7769A4381AF0776E00284CC8 /* CoreData.framework in Frameworks */ = {isa = PBXBuildFile; fileRef = 7769A4371AF0776E00284CC8 /* CoreData.framework */; };
		7769A43B1AF0784200284CC8 /* vinloop.xcdatamodeld in Sources */ = {isa = PBXBuildFile; fileRef = 7769A4391AF0784200284CC8 /* vinloop.xcdatamodeld */; };
		77A6D1571B145166001A5E0D /* WineTypeCell.xib in Resources */ = {isa = PBXBuildFile; fileRef = 77A6D1561B145166001A5E0D /* WineTypeCell.xib */; };
		77B891881B19967300C2ED8F /* APLSectionHeaderView.m in Sources */ = {isa = PBXBuildFile; fileRef = 77B891821B19967300C2ED8F /* APLSectionHeaderView.m */; };
		77B891891B19967300C2ED8F /* APLSectionInfo.m in Sources */ = {isa = PBXBuildFile; fileRef = 77B891841B19967300C2ED8F /* APLSectionInfo.m */; };
		77B8918A1B19967300C2ED8F /* carat-open.png in Resources */ = {isa = PBXBuildFile; fileRef = 77B891851B19967300C2ED8F /* carat-open.png */; };
		77B8918B1B19967300C2ED8F /* carat.png in Resources */ = {isa = PBXBuildFile; fileRef = 77B891861B19967300C2ED8F /* carat.png */; };
		77B8918C1B19967300C2ED8F /* SectionHeaderView.xib in Resources */ = {isa = PBXBuildFile; fileRef = 77B891871B19967300C2ED8F /* SectionHeaderView.xib */; };
		77B891901B19AB1600C2ED8F /* NavTableViewController.m in Sources */ = {isa = PBXBuildFile; fileRef = 77B8918E1B19AB1600C2ED8F /* NavTableViewController.m */; };
		77B891911B19AB1600C2ED8F /* NavTableViewController.xib in Resources */ = {isa = PBXBuildFile; fileRef = 77B8918F1B19AB1600C2ED8F /* NavTableViewController.xib */; };
		77C334891ACD26E100D75479 /* MKAnnotationView+WebCache.m in Sources */ = {isa = PBXBuildFile; fileRef = 77C334691ACD26E100D75479 /* MKAnnotationView+WebCache.m */; };
		77C3348A1ACD26E100D75479 /* NSData+ImageContentType.m in Sources */ = {isa = PBXBuildFile; fileRef = 77C3346B1ACD26E100D75479 /* NSData+ImageContentType.m */; };
		77C3348B1ACD26E100D75479 /* SDImageCache.m in Sources */ = {isa = PBXBuildFile; fileRef = 77C3346D1ACD26E100D75479 /* SDImageCache.m */; };
		77C3348C1ACD26E100D75479 /* SDWebImageCompat.m in Sources */ = {isa = PBXBuildFile; fileRef = 77C3346F1ACD26E100D75479 /* SDWebImageCompat.m */; };
		77C3348D1ACD26E100D75479 /* SDWebImageDecoder.m in Sources */ = {isa = PBXBuildFile; fileRef = 77C334711ACD26E100D75479 /* SDWebImageDecoder.m */; };
		77C3348E1ACD26E100D75479 /* SDWebImageDownloader.m in Sources */ = {isa = PBXBuildFile; fileRef = 77C334731ACD26E100D75479 /* SDWebImageDownloader.m */; };
		77C3348F1ACD26E100D75479 /* SDWebImageDownloaderOperation.m in Sources */ = {isa = PBXBuildFile; fileRef = 77C334751ACD26E100D75479 /* SDWebImageDownloaderOperation.m */; };
		77C334901ACD26E100D75479 /* SDWebImageManager.m in Sources */ = {isa = PBXBuildFile; fileRef = 77C334771ACD26E100D75479 /* SDWebImageManager.m */; };
		77C334911ACD26E100D75479 /* SDWebImagePrefetcher.m in Sources */ = {isa = PBXBuildFile; fileRef = 77C3347A1ACD26E100D75479 /* SDWebImagePrefetcher.m */; };
		77C334921ACD26E100D75479 /* UIButton+WebCache.m in Sources */ = {isa = PBXBuildFile; fileRef = 77C3347C1ACD26E100D75479 /* UIButton+WebCache.m */; };
		77C334931ACD26E100D75479 /* UIImage+GIF.m in Sources */ = {isa = PBXBuildFile; fileRef = 77C3347E1ACD26E100D75479 /* UIImage+GIF.m */; };
		77C334941ACD26E100D75479 /* UIImage+MultiFormat.m in Sources */ = {isa = PBXBuildFile; fileRef = 77C334801ACD26E100D75479 /* UIImage+MultiFormat.m */; };
		77C334951ACD26E100D75479 /* UIImage+WebP.m in Sources */ = {isa = PBXBuildFile; fileRef = 77C334821ACD26E100D75479 /* UIImage+WebP.m */; };
		77C334961ACD26E100D75479 /* UIImageView+HighlightedWebCache.m in Sources */ = {isa = PBXBuildFile; fileRef = 77C334841ACD26E100D75479 /* UIImageView+HighlightedWebCache.m */; };
		77C334971ACD26E100D75479 /* UIImageView+WebCache.m in Sources */ = {isa = PBXBuildFile; fileRef = 77C334861ACD26E100D75479 /* UIImageView+WebCache.m */; };
		77C334981ACD26E100D75479 /* UIView+WebCacheOperation.m in Sources */ = {isa = PBXBuildFile; fileRef = 77C334881ACD26E100D75479 /* UIView+WebCacheOperation.m */; };
		77FC13601AE869760097C42C /* FiltersViewController.m in Sources */ = {isa = PBXBuildFile; fileRef = 77FC135E1AE869760097C42C /* FiltersViewController.m */; };
		77FC13611AE869760097C42C /* FiltersViewController.xib in Resources */ = {isa = PBXBuildFile; fileRef = 77FC135F1AE869760097C42C /* FiltersViewController.xib */; };
		77FC13651AE8B5660097C42C /* ProfileViewController.m in Sources */ = {isa = PBXBuildFile; fileRef = 77FC13631AE8B5660097C42C /* ProfileViewController.m */; };
		77FC13661AE8B5660097C42C /* ProfileViewController.xib in Resources */ = {isa = PBXBuildFile; fileRef = 77FC13641AE8B5660097C42C /* ProfileViewController.xib */; };
		77FE442D1ADF3EC2008A9B1F /* DetailViewController.xib in Resources */ = {isa = PBXBuildFile; fileRef = 77FE442C1ADF3EC2008A9B1F /* DetailViewController.xib */; };
		77FE44331ADF41C8008A9B1F /* DetailViewController.m in Sources */ = {isa = PBXBuildFile; fileRef = 77FE44321ADF41C8008A9B1F /* DetailViewController.m */; };
/* End PBXBuildFile section */

/* Begin PBXContainerItemProxy section */
		7762A8451AC669F5000DA267 /* PBXContainerItemProxy */ = {
			isa = PBXContainerItemProxy;
			containerPortal = 7762A8231AC669F5000DA267 /* Project object */;
			proxyType = 1;
			remoteGlobalIDString = 7762A82A1AC669F5000DA267;
			remoteInfo = VinLoop;
		};
/* End PBXContainerItemProxy section */

/* Begin PBXFileReference section */
		77060CB51ACF6ED00054CE1B /* AFHTTPRequestOperation.h */ = {isa = PBXFileReference; fileEncoding = 4; lastKnownFileType = sourcecode.c.h; path = AFHTTPRequestOperation.h; sourceTree = "<group>"; };
		77060CB61ACF6ED00054CE1B /* AFHTTPRequestOperation.m */ = {isa = PBXFileReference; fileEncoding = 4; lastKnownFileType = sourcecode.c.objc; path = AFHTTPRequestOperation.m; sourceTree = "<group>"; };
		77060CB71ACF6ED00054CE1B /* AFHTTPRequestOperationManager.h */ = {isa = PBXFileReference; fileEncoding = 4; lastKnownFileType = sourcecode.c.h; path = AFHTTPRequestOperationManager.h; sourceTree = "<group>"; };
		77060CB81ACF6ED00054CE1B /* AFHTTPRequestOperationManager.m */ = {isa = PBXFileReference; fileEncoding = 4; lastKnownFileType = sourcecode.c.objc; path = AFHTTPRequestOperationManager.m; sourceTree = "<group>"; };
		77060CB91ACF6ED00054CE1B /* AFHTTPSessionManager.h */ = {isa = PBXFileReference; fileEncoding = 4; lastKnownFileType = sourcecode.c.h; path = AFHTTPSessionManager.h; sourceTree = "<group>"; };
		77060CBA1ACF6ED00054CE1B /* AFHTTPSessionManager.m */ = {isa = PBXFileReference; fileEncoding = 4; lastKnownFileType = sourcecode.c.objc; path = AFHTTPSessionManager.m; sourceTree = "<group>"; };
		77060CBB1ACF6ED00054CE1B /* AFNetworking.h */ = {isa = PBXFileReference; fileEncoding = 4; lastKnownFileType = sourcecode.c.h; path = AFNetworking.h; sourceTree = "<group>"; };
		77060CBC1ACF6ED00054CE1B /* AFNetworkReachabilityManager.h */ = {isa = PBXFileReference; fileEncoding = 4; lastKnownFileType = sourcecode.c.h; path = AFNetworkReachabilityManager.h; sourceTree = "<group>"; };
		77060CBD1ACF6ED00054CE1B /* AFNetworkReachabilityManager.m */ = {isa = PBXFileReference; fileEncoding = 4; lastKnownFileType = sourcecode.c.objc; path = AFNetworkReachabilityManager.m; sourceTree = "<group>"; };
		77060CBE1ACF6ED00054CE1B /* AFSecurityPolicy.h */ = {isa = PBXFileReference; fileEncoding = 4; lastKnownFileType = sourcecode.c.h; path = AFSecurityPolicy.h; sourceTree = "<group>"; };
		77060CBF1ACF6ED00054CE1B /* AFSecurityPolicy.m */ = {isa = PBXFileReference; fileEncoding = 4; lastKnownFileType = sourcecode.c.objc; path = AFSecurityPolicy.m; sourceTree = "<group>"; };
		77060CC01ACF6ED00054CE1B /* AFURLConnectionOperation.h */ = {isa = PBXFileReference; fileEncoding = 4; lastKnownFileType = sourcecode.c.h; path = AFURLConnectionOperation.h; sourceTree = "<group>"; };
		77060CC11ACF6ED00054CE1B /* AFURLConnectionOperation.m */ = {isa = PBXFileReference; fileEncoding = 4; lastKnownFileType = sourcecode.c.objc; path = AFURLConnectionOperation.m; sourceTree = "<group>"; };
		77060CC21ACF6ED00054CE1B /* AFURLRequestSerialization.h */ = {isa = PBXFileReference; fileEncoding = 4; lastKnownFileType = sourcecode.c.h; path = AFURLRequestSerialization.h; sourceTree = "<group>"; };
		77060CC31ACF6ED00054CE1B /* AFURLRequestSerialization.m */ = {isa = PBXFileReference; fileEncoding = 4; lastKnownFileType = sourcecode.c.objc; path = AFURLRequestSerialization.m; sourceTree = "<group>"; };
		77060CC41ACF6ED00054CE1B /* AFURLResponseSerialization.h */ = {isa = PBXFileReference; fileEncoding = 4; lastKnownFileType = sourcecode.c.h; path = AFURLResponseSerialization.h; sourceTree = "<group>"; };
		77060CC51ACF6ED00054CE1B /* AFURLResponseSerialization.m */ = {isa = PBXFileReference; fileEncoding = 4; lastKnownFileType = sourcecode.c.objc; path = AFURLResponseSerialization.m; sourceTree = "<group>"; };
		77060CC61ACF6ED00054CE1B /* AFURLSessionManager.h */ = {isa = PBXFileReference; fileEncoding = 4; lastKnownFileType = sourcecode.c.h; path = AFURLSessionManager.h; sourceTree = "<group>"; };
		77060CC71ACF6ED00054CE1B /* AFURLSessionManager.m */ = {isa = PBXFileReference; fileEncoding = 4; lastKnownFileType = sourcecode.c.objc; path = AFURLSessionManager.m; sourceTree = "<group>"; };
		77060CC91ACF6ED00054CE1B /* AFNetworkActivityIndicatorManager.h */ = {isa = PBXFileReference; fileEncoding = 4; lastKnownFileType = sourcecode.c.h; path = AFNetworkActivityIndicatorManager.h; sourceTree = "<group>"; };
		77060CCA1ACF6ED00054CE1B /* AFNetworkActivityIndicatorManager.m */ = {isa = PBXFileReference; fileEncoding = 4; lastKnownFileType = sourcecode.c.objc; path = AFNetworkActivityIndicatorManager.m; sourceTree = "<group>"; };
		77060CCB1ACF6ED00054CE1B /* UIActivityIndicatorView+AFNetworking.h */ = {isa = PBXFileReference; fileEncoding = 4; lastKnownFileType = sourcecode.c.h; path = "UIActivityIndicatorView+AFNetworking.h"; sourceTree = "<group>"; };
		77060CCC1ACF6ED00054CE1B /* UIActivityIndicatorView+AFNetworking.m */ = {isa = PBXFileReference; fileEncoding = 4; lastKnownFileType = sourcecode.c.objc; path = "UIActivityIndicatorView+AFNetworking.m"; sourceTree = "<group>"; };
		77060CCD1ACF6ED00054CE1B /* UIAlertView+AFNetworking.h */ = {isa = PBXFileReference; fileEncoding = 4; lastKnownFileType = sourcecode.c.h; path = "UIAlertView+AFNetworking.h"; sourceTree = "<group>"; };
		77060CCE1ACF6ED00054CE1B /* UIAlertView+AFNetworking.m */ = {isa = PBXFileReference; fileEncoding = 4; lastKnownFileType = sourcecode.c.objc; path = "UIAlertView+AFNetworking.m"; sourceTree = "<group>"; };
		77060CCF1ACF6ED00054CE1B /* UIButton+AFNetworking.h */ = {isa = PBXFileReference; fileEncoding = 4; lastKnownFileType = sourcecode.c.h; path = "UIButton+AFNetworking.h"; sourceTree = "<group>"; };
		77060CD01ACF6ED00054CE1B /* UIButton+AFNetworking.m */ = {isa = PBXFileReference; fileEncoding = 4; lastKnownFileType = sourcecode.c.objc; path = "UIButton+AFNetworking.m"; sourceTree = "<group>"; };
		77060CD11ACF6ED00054CE1B /* UIImageView+AFNetworking.h */ = {isa = PBXFileReference; fileEncoding = 4; lastKnownFileType = sourcecode.c.h; path = "UIImageView+AFNetworking.h"; sourceTree = "<group>"; };
		77060CD21ACF6ED00054CE1B /* UIImageView+AFNetworking.m */ = {isa = PBXFileReference; fileEncoding = 4; lastKnownFileType = sourcecode.c.objc; path = "UIImageView+AFNetworking.m"; sourceTree = "<group>"; };
		77060CD31ACF6ED00054CE1B /* UIKit+AFNetworking.h */ = {isa = PBXFileReference; fileEncoding = 4; lastKnownFileType = sourcecode.c.h; path = "UIKit+AFNetworking.h"; sourceTree = "<group>"; };
		77060CD41ACF6ED00054CE1B /* UIProgressView+AFNetworking.h */ = {isa = PBXFileReference; fileEncoding = 4; lastKnownFileType = sourcecode.c.h; path = "UIProgressView+AFNetworking.h"; sourceTree = "<group>"; };
		77060CD51ACF6ED00054CE1B /* UIProgressView+AFNetworking.m */ = {isa = PBXFileReference; fileEncoding = 4; lastKnownFileType = sourcecode.c.objc; path = "UIProgressView+AFNetworking.m"; sourceTree = "<group>"; };
		77060CD61ACF6ED00054CE1B /* UIRefreshControl+AFNetworking.h */ = {isa = PBXFileReference; fileEncoding = 4; lastKnownFileType = sourcecode.c.h; path = "UIRefreshControl+AFNetworking.h"; sourceTree = "<group>"; };
		77060CD71ACF6ED00054CE1B /* UIRefreshControl+AFNetworking.m */ = {isa = PBXFileReference; fileEncoding = 4; lastKnownFileType = sourcecode.c.objc; path = "UIRefreshControl+AFNetworking.m"; sourceTree = "<group>"; };
		77060CD81ACF6ED00054CE1B /* UIWebView+AFNetworking.h */ = {isa = PBXFileReference; fileEncoding = 4; lastKnownFileType = sourcecode.c.h; path = "UIWebView+AFNetworking.h"; sourceTree = "<group>"; };
		77060CD91ACF6ED00054CE1B /* UIWebView+AFNetworking.m */ = {isa = PBXFileReference; fileEncoding = 4; lastKnownFileType = sourcecode.c.objc; path = "UIWebView+AFNetworking.m"; sourceTree = "<group>"; };
		77060CEB1ACF6FAD0054CE1B /* DealsHTTPClient.h */ = {isa = PBXFileReference; fileEncoding = 4; lastKnownFileType = sourcecode.c.h; path = DealsHTTPClient.h; sourceTree = "<group>"; };
		77060CEC1ACF6FAD0054CE1B /* DealsHTTPClient.m */ = {isa = PBXFileReference; fileEncoding = 4; lastKnownFileType = sourcecode.c.objc; path = DealsHTTPClient.m; sourceTree = "<group>"; };
		77095C601AE5924A00775C69 /* en */ = {isa = PBXFileReference; lastKnownFileType = text.plist.strings; name = en; path = en.lproj/InfoPlist.strings; sourceTree = "<group>"; };
		772BA2771B1BC83F00E81D4A /* MyriadPro-Regular.otf */ = {isa = PBXFileReference; lastKnownFileType = file; path = "MyriadPro-Regular.otf"; sourceTree = "<group>"; };
		772BA2781B1BC83F00E81D4A /* MyriadPro-Semibold.otf */ = {isa = PBXFileReference; lastKnownFileType = file; path = "MyriadPro-Semibold.otf"; sourceTree = "<group>"; };
		772BA27B1B1BDDD800E81D4A /* NavRowTableViewCell.h */ = {isa = PBXFileReference; fileEncoding = 4; lastKnownFileType = sourcecode.c.h; path = NavRowTableViewCell.h; sourceTree = "<group>"; };
		772BA27C1B1BDDD800E81D4A /* NavRowTableViewCell.m */ = {isa = PBXFileReference; fileEncoding = 4; lastKnownFileType = sourcecode.c.objc; path = NavRowTableViewCell.m; sourceTree = "<group>"; };
		772BA27D1B1BDDD800E81D4A /* NavRowTableViewCell.xib */ = {isa = PBXFileReference; fileEncoding = 4; lastKnownFileType = file.xib; path = NavRowTableViewCell.xib; sourceTree = "<group>"; };
		772BA2801B1BF88E00E81D4A /* NavTopTableViewCell.h */ = {isa = PBXFileReference; fileEncoding = 4; lastKnownFileType = sourcecode.c.h; path = NavTopTableViewCell.h; sourceTree = "<group>"; };
		772BA2811B1BF88E00E81D4A /* NavTopTableViewCell.m */ = {isa = PBXFileReference; fileEncoding = 4; lastKnownFileType = sourcecode.c.objc; path = NavTopTableViewCell.m; sourceTree = "<group>"; };
		772BA2821B1BF88E00E81D4A /* NavTopTableViewCell.xib */ = {isa = PBXFileReference; fileEncoding = 4; lastKnownFileType = file.xib; path = NavTopTableViewCell.xib; sourceTree = "<group>"; };
		772BA2851B1C26F400E81D4A /* logo_520.png */ = {isa = PBXFileReference; lastKnownFileType = image.png; path = logo_520.png; sourceTree = "<group>"; };
		7733746C1B1528D800BF7C57 /* WineTypeCell.h */ = {isa = PBXFileReference; fileEncoding = 4; lastKnownFileType = sourcecode.c.h; name = WineTypeCell.h; path = ../WineTypeCell.h; sourceTree = "<group>"; };
		7733746D1B1528D800BF7C57 /* WineTypeCell.m */ = {isa = PBXFileReference; fileEncoding = 4; lastKnownFileType = sourcecode.c.objc; name = WineTypeCell.m; path = ../WineTypeCell.m; sourceTree = "<group>"; };
		7733746F1B155F0800BF7C57 /* SOLabel.h */ = {isa = PBXFileReference; fileEncoding = 4; lastKnownFileType = sourcecode.c.h; path = SOLabel.h; sourceTree = "<group>"; };
		773374701B155F0800BF7C57 /* SOLabel.m */ = {isa = PBXFileReference; fileEncoding = 4; lastKnownFileType = sourcecode.c.objc; path = SOLabel.m; sourceTree = "<group>"; };
		7734F4C21AF6AE12002C9CE2 /* DealsTableViewController.xib */ = {isa = PBXFileReference; fileEncoding = 4; lastKnownFileType = file.xib; path = DealsTableViewController.xib; sourceTree = "<group>"; };
		7734F4C41AF6DA89002C9CE2 /* VLSearchBar.h */ = {isa = PBXFileReference; fileEncoding = 4; lastKnownFileType = sourcecode.c.h; path = VLSearchBar.h; sourceTree = "<group>"; };
		7734F4C51AF6DA89002C9CE2 /* VLSearchBar.m */ = {isa = PBXFileReference; fileEncoding = 4; lastKnownFileType = sourcecode.c.objc; path = VLSearchBar.m; sourceTree = "<group>"; };
		7734F4C71AF6DB0C002C9CE2 /* VLSearchController.h */ = {isa = PBXFileReference; fileEncoding = 4; lastKnownFileType = sourcecode.c.h; path = VLSearchController.h; sourceTree = "<group>"; };
		7734F4C81AF6DB0C002C9CE2 /* VLSearchController.m */ = {isa = PBXFileReference; fileEncoding = 4; lastKnownFileType = sourcecode.c.objc; path = VLSearchController.m; sourceTree = "<group>"; };
		7762A82B1AC669F5000DA267 /* VinLoop.app */ = {isa = PBXFileReference; explicitFileType = wrapper.application; includeInIndex = 0; path = VinLoop.app; sourceTree = BUILT_PRODUCTS_DIR; };
		7762A82F1AC669F5000DA267 /* Info.plist */ = {isa = PBXFileReference; lastKnownFileType = text.plist.xml; path = Info.plist; sourceTree = "<group>"; };
		7762A8301AC669F5000DA267 /* main.m */ = {isa = PBXFileReference; lastKnownFileType = sourcecode.c.objc; path = main.m; sourceTree = "<group>"; };
		7762A8321AC669F5000DA267 /* VinLoopDelegate.h */ = {isa = PBXFileReference; lastKnownFileType = sourcecode.c.h; path = VinLoopDelegate.h; sourceTree = "<group>"; };
		7762A8331AC669F5000DA267 /* VinLoopDelegate.m */ = {isa = PBXFileReference; lastKnownFileType = sourcecode.c.objc; path = VinLoopDelegate.m; sourceTree = "<group>"; };
		7762A8391AC669F5000DA267 /* Base */ = {isa = PBXFileReference; lastKnownFileType = file.storyboard; name = Base; path = Base.lproj/Main.storyboard; sourceTree = "<group>"; };
		7762A83B1AC669F5000DA267 /* Images.xcassets */ = {isa = PBXFileReference; lastKnownFileType = folder.assetcatalog; path = Images.xcassets; sourceTree = "<group>"; };
		7762A83E1AC669F5000DA267 /* Base */ = {isa = PBXFileReference; lastKnownFileType = file.xib; name = Base; path = Base.lproj/LaunchScreen.xib; sourceTree = "<group>"; };
		7762A8441AC669F5000DA267 /* VinLoopTests.xctest */ = {isa = PBXFileReference; explicitFileType = wrapper.cfbundle; includeInIndex = 0; path = VinLoopTests.xctest; sourceTree = BUILT_PRODUCTS_DIR; };
		7762A8491AC669F5000DA267 /* Info.plist */ = {isa = PBXFileReference; lastKnownFileType = text.plist.xml; path = Info.plist; sourceTree = "<group>"; };
		7762A84A1AC669F5000DA267 /* VinLoopTests.m */ = {isa = PBXFileReference; lastKnownFileType = sourcecode.c.objc; path = VinLoopTests.m; sourceTree = "<group>"; };
		7762A8541AC66FB9000DA267 /* DealsTableViewController.h */ = {isa = PBXFileReference; fileEncoding = 4; lastKnownFileType = sourcecode.c.h; path = DealsTableViewController.h; sourceTree = "<group>"; };
		7762A8551AC66FB9000DA267 /* DealsTableViewController.m */ = {isa = PBXFileReference; fileEncoding = 4; lastKnownFileType = sourcecode.c.objc; path = DealsTableViewController.m; sourceTree = "<group>"; };
		7762A8571AC68C8E000DA267 /* DealItem.h */ = {isa = PBXFileReference; fileEncoding = 4; lastKnownFileType = sourcecode.c.h; path = DealItem.h; sourceTree = "<group>"; };
		7762A8581AC68C8E000DA267 /* DealItem.m */ = {isa = PBXFileReference; fileEncoding = 4; lastKnownFileType = sourcecode.c.objc; path = DealItem.m; sourceTree = "<group>"; };
		7762A85A1AC6915C000DA267 /* DealItemCell.h */ = {isa = PBXFileReference; fileEncoding = 4; lastKnownFileType = sourcecode.c.h; path = DealItemCell.h; sourceTree = "<group>"; };
		7762A85B1AC6915C000DA267 /* DealItemCell.m */ = {isa = PBXFileReference; fileEncoding = 4; lastKnownFileType = sourcecode.c.objc; path = DealItemCell.m; sourceTree = "<group>"; };
		7762A85C1AC6915C000DA267 /* DealItemCell.xib */ = {isa = PBXFileReference; fileEncoding = 4; lastKnownFileType = file.xib; path = DealItemCell.xib; sourceTree = "<group>"; };
		7763657E1B198DAF00E22CCF /* SWRevealViewController.h */ = {isa = PBXFileReference; fileEncoding = 4; lastKnownFileType = sourcecode.c.h; path = SWRevealViewController.h; sourceTree = "<group>"; };
		7763657F1B198DAF00E22CCF /* SWRevealViewController.m */ = {isa = PBXFileReference; fileEncoding = 4; lastKnownFileType = sourcecode.c.objc; path = SWRevealViewController.m; sourceTree = "<group>"; };
		7769A4321AF065E600284CC8 /* FavViewController.h */ = {isa = PBXFileReference; fileEncoding = 4; lastKnownFileType = sourcecode.c.h; path = FavViewController.h; sourceTree = "<group>"; };
		7769A4331AF065E600284CC8 /* FavViewController.m */ = {isa = PBXFileReference; fileEncoding = 4; lastKnownFileType = sourcecode.c.objc; path = FavViewController.m; sourceTree = "<group>"; };
		7769A4371AF0776E00284CC8 /* CoreData.framework */ = {isa = PBXFileReference; lastKnownFileType = wrapper.framework; name = CoreData.framework; path = System/Library/Frameworks/CoreData.framework; sourceTree = SDKROOT; };
		7769A43A1AF0784200284CC8 /* vinloop.xcdatamodel */ = {isa = PBXFileReference; lastKnownFileType = wrapper.xcdatamodel; path = vinloop.xcdatamodel; sourceTree = "<group>"; };
		77A6D1561B145166001A5E0D /* WineTypeCell.xib */ = {isa = PBXFileReference; fileEncoding = 4; lastKnownFileType = file.xib; path = WineTypeCell.xib; sourceTree = "<group>"; };
		77B891811B19967300C2ED8F /* APLSectionHeaderView.h */ = {isa = PBXFileReference; fileEncoding = 4; lastKnownFileType = sourcecode.c.h; path = APLSectionHeaderView.h; sourceTree = "<group>"; };
		77B891821B19967300C2ED8F /* APLSectionHeaderView.m */ = {isa = PBXFileReference; fileEncoding = 4; lastKnownFileType = sourcecode.c.objc; path = APLSectionHeaderView.m; sourceTree = "<group>"; };
		77B891831B19967300C2ED8F /* APLSectionInfo.h */ = {isa = PBXFileReference; fileEncoding = 4; lastKnownFileType = sourcecode.c.h; path = APLSectionInfo.h; sourceTree = "<group>"; };
		77B891841B19967300C2ED8F /* APLSectionInfo.m */ = {isa = PBXFileReference; fileEncoding = 4; lastKnownFileType = sourcecode.c.objc; path = APLSectionInfo.m; sourceTree = "<group>"; };
		77B891851B19967300C2ED8F /* carat-open.png */ = {isa = PBXFileReference; lastKnownFileType = image.png; path = "carat-open.png"; sourceTree = "<group>"; };
		77B891861B19967300C2ED8F /* carat.png */ = {isa = PBXFileReference; lastKnownFileType = image.png; path = carat.png; sourceTree = "<group>"; };
		77B891871B19967300C2ED8F /* SectionHeaderView.xib */ = {isa = PBXFileReference; fileEncoding = 4; lastKnownFileType = file.xib; path = SectionHeaderView.xib; sourceTree = "<group>"; };
		77B8918D1B19AB1600C2ED8F /* NavTableViewController.h */ = {isa = PBXFileReference; fileEncoding = 4; lastKnownFileType = sourcecode.c.h; path = NavTableViewController.h; sourceTree = "<group>"; };
		77B8918E1B19AB1600C2ED8F /* NavTableViewController.m */ = {isa = PBXFileReference; fileEncoding = 4; lastKnownFileType = sourcecode.c.objc; path = NavTableViewController.m; sourceTree = "<group>"; };
		77B8918F1B19AB1600C2ED8F /* NavTableViewController.xib */ = {isa = PBXFileReference; fileEncoding = 4; lastKnownFileType = file.xib; path = NavTableViewController.xib; sourceTree = "<group>"; };
		77C334681ACD26E100D75479 /* MKAnnotationView+WebCache.h */ = {isa = PBXFileReference; fileEncoding = 4; lastKnownFileType = sourcecode.c.h; path = "MKAnnotationView+WebCache.h"; sourceTree = "<group>"; };
		77C334691ACD26E100D75479 /* MKAnnotationView+WebCache.m */ = {isa = PBXFileReference; fileEncoding = 4; lastKnownFileType = sourcecode.c.objc; path = "MKAnnotationView+WebCache.m"; sourceTree = "<group>"; };
		77C3346A1ACD26E100D75479 /* NSData+ImageContentType.h */ = {isa = PBXFileReference; fileEncoding = 4; lastKnownFileType = sourcecode.c.h; path = "NSData+ImageContentType.h"; sourceTree = "<group>"; };
		77C3346B1ACD26E100D75479 /* NSData+ImageContentType.m */ = {isa = PBXFileReference; fileEncoding = 4; lastKnownFileType = sourcecode.c.objc; path = "NSData+ImageContentType.m"; sourceTree = "<group>"; };
		77C3346C1ACD26E100D75479 /* SDImageCache.h */ = {isa = PBXFileReference; fileEncoding = 4; lastKnownFileType = sourcecode.c.h; path = SDImageCache.h; sourceTree = "<group>"; };
		77C3346D1ACD26E100D75479 /* SDImageCache.m */ = {isa = PBXFileReference; fileEncoding = 4; lastKnownFileType = sourcecode.c.objc; path = SDImageCache.m; sourceTree = "<group>"; };
		77C3346E1ACD26E100D75479 /* SDWebImageCompat.h */ = {isa = PBXFileReference; fileEncoding = 4; lastKnownFileType = sourcecode.c.h; path = SDWebImageCompat.h; sourceTree = "<group>"; };
		77C3346F1ACD26E100D75479 /* SDWebImageCompat.m */ = {isa = PBXFileReference; fileEncoding = 4; lastKnownFileType = sourcecode.c.objc; path = SDWebImageCompat.m; sourceTree = "<group>"; };
		77C334701ACD26E100D75479 /* SDWebImageDecoder.h */ = {isa = PBXFileReference; fileEncoding = 4; lastKnownFileType = sourcecode.c.h; path = SDWebImageDecoder.h; sourceTree = "<group>"; };
		77C334711ACD26E100D75479 /* SDWebImageDecoder.m */ = {isa = PBXFileReference; fileEncoding = 4; lastKnownFileType = sourcecode.c.objc; path = SDWebImageDecoder.m; sourceTree = "<group>"; };
		77C334721ACD26E100D75479 /* SDWebImageDownloader.h */ = {isa = PBXFileReference; fileEncoding = 4; lastKnownFileType = sourcecode.c.h; path = SDWebImageDownloader.h; sourceTree = "<group>"; };
		77C334731ACD26E100D75479 /* SDWebImageDownloader.m */ = {isa = PBXFileReference; fileEncoding = 4; lastKnownFileType = sourcecode.c.objc; path = SDWebImageDownloader.m; sourceTree = "<group>"; };
		77C334741ACD26E100D75479 /* SDWebImageDownloaderOperation.h */ = {isa = PBXFileReference; fileEncoding = 4; lastKnownFileType = sourcecode.c.h; path = SDWebImageDownloaderOperation.h; sourceTree = "<group>"; };
		77C334751ACD26E100D75479 /* SDWebImageDownloaderOperation.m */ = {isa = PBXFileReference; fileEncoding = 4; lastKnownFileType = sourcecode.c.objc; path = SDWebImageDownloaderOperation.m; sourceTree = "<group>"; };
		77C334761ACD26E100D75479 /* SDWebImageManager.h */ = {isa = PBXFileReference; fileEncoding = 4; lastKnownFileType = sourcecode.c.h; path = SDWebImageManager.h; sourceTree = "<group>"; };
		77C334771ACD26E100D75479 /* SDWebImageManager.m */ = {isa = PBXFileReference; fileEncoding = 4; lastKnownFileType = sourcecode.c.objc; path = SDWebImageManager.m; sourceTree = "<group>"; };
		77C334781ACD26E100D75479 /* SDWebImageOperation.h */ = {isa = PBXFileReference; fileEncoding = 4; lastKnownFileType = sourcecode.c.h; path = SDWebImageOperation.h; sourceTree = "<group>"; };
		77C334791ACD26E100D75479 /* SDWebImagePrefetcher.h */ = {isa = PBXFileReference; fileEncoding = 4; lastKnownFileType = sourcecode.c.h; path = SDWebImagePrefetcher.h; sourceTree = "<group>"; };
		77C3347A1ACD26E100D75479 /* SDWebImagePrefetcher.m */ = {isa = PBXFileReference; fileEncoding = 4; lastKnownFileType = sourcecode.c.objc; path = SDWebImagePrefetcher.m; sourceTree = "<group>"; };
		77C3347B1ACD26E100D75479 /* UIButton+WebCache.h */ = {isa = PBXFileReference; fileEncoding = 4; lastKnownFileType = sourcecode.c.h; path = "UIButton+WebCache.h"; sourceTree = "<group>"; };
		77C3347C1ACD26E100D75479 /* UIButton+WebCache.m */ = {isa = PBXFileReference; fileEncoding = 4; lastKnownFileType = sourcecode.c.objc; path = "UIButton+WebCache.m"; sourceTree = "<group>"; };
		77C3347D1ACD26E100D75479 /* UIImage+GIF.h */ = {isa = PBXFileReference; fileEncoding = 4; lastKnownFileType = sourcecode.c.h; path = "UIImage+GIF.h"; sourceTree = "<group>"; };
		77C3347E1ACD26E100D75479 /* UIImage+GIF.m */ = {isa = PBXFileReference; fileEncoding = 4; lastKnownFileType = sourcecode.c.objc; path = "UIImage+GIF.m"; sourceTree = "<group>"; };
		77C3347F1ACD26E100D75479 /* UIImage+MultiFormat.h */ = {isa = PBXFileReference; fileEncoding = 4; lastKnownFileType = sourcecode.c.h; path = "UIImage+MultiFormat.h"; sourceTree = "<group>"; };
		77C334801ACD26E100D75479 /* UIImage+MultiFormat.m */ = {isa = PBXFileReference; fileEncoding = 4; lastKnownFileType = sourcecode.c.objc; path = "UIImage+MultiFormat.m"; sourceTree = "<group>"; };
		77C334811ACD26E100D75479 /* UIImage+WebP.h */ = {isa = PBXFileReference; fileEncoding = 4; lastKnownFileType = sourcecode.c.h; path = "UIImage+WebP.h"; sourceTree = "<group>"; };
		77C334821ACD26E100D75479 /* UIImage+WebP.m */ = {isa = PBXFileReference; fileEncoding = 4; lastKnownFileType = sourcecode.c.objc; path = "UIImage+WebP.m"; sourceTree = "<group>"; };
		77C334831ACD26E100D75479 /* UIImageView+HighlightedWebCache.h */ = {isa = PBXFileReference; fileEncoding = 4; lastKnownFileType = sourcecode.c.h; path = "UIImageView+HighlightedWebCache.h"; sourceTree = "<group>"; };
		77C334841ACD26E100D75479 /* UIImageView+HighlightedWebCache.m */ = {isa = PBXFileReference; fileEncoding = 4; lastKnownFileType = sourcecode.c.objc; path = "UIImageView+HighlightedWebCache.m"; sourceTree = "<group>"; };
		77C334851ACD26E100D75479 /* UIImageView+WebCache.h */ = {isa = PBXFileReference; fileEncoding = 4; lastKnownFileType = sourcecode.c.h; path = "UIImageView+WebCache.h"; sourceTree = "<group>"; };
		77C334861ACD26E100D75479 /* UIImageView+WebCache.m */ = {isa = PBXFileReference; fileEncoding = 4; lastKnownFileType = sourcecode.c.objc; path = "UIImageView+WebCache.m"; sourceTree = "<group>"; };
		77C334871ACD26E100D75479 /* UIView+WebCacheOperation.h */ = {isa = PBXFileReference; fileEncoding = 4; lastKnownFileType = sourcecode.c.h; path = "UIView+WebCacheOperation.h"; sourceTree = "<group>"; };
		77C334881ACD26E100D75479 /* UIView+WebCacheOperation.m */ = {isa = PBXFileReference; fileEncoding = 4; lastKnownFileType = sourcecode.c.objc; path = "UIView+WebCacheOperation.m"; sourceTree = "<group>"; };
		77FC135D1AE869760097C42C /* FiltersViewController.h */ = {isa = PBXFileReference; fileEncoding = 4; lastKnownFileType = sourcecode.c.h; path = FiltersViewController.h; sourceTree = "<group>"; };
		77FC135E1AE869760097C42C /* FiltersViewController.m */ = {isa = PBXFileReference; fileEncoding = 4; lastKnownFileType = sourcecode.c.objc; path = FiltersViewController.m; sourceTree = "<group>"; };
		77FC135F1AE869760097C42C /* FiltersViewController.xib */ = {isa = PBXFileReference; fileEncoding = 4; lastKnownFileType = file.xib; path = FiltersViewController.xib; sourceTree = "<group>"; };
		77FC13621AE8B5660097C42C /* ProfileViewController.h */ = {isa = PBXFileReference; fileEncoding = 4; lastKnownFileType = sourcecode.c.h; path = ProfileViewController.h; sourceTree = "<group>"; };
		77FC13631AE8B5660097C42C /* ProfileViewController.m */ = {isa = PBXFileReference; fileEncoding = 4; lastKnownFileType = sourcecode.c.objc; path = ProfileViewController.m; sourceTree = "<group>"; };
		77FC13641AE8B5660097C42C /* ProfileViewController.xib */ = {isa = PBXFileReference; fileEncoding = 4; lastKnownFileType = file.xib; path = ProfileViewController.xib; sourceTree = "<group>"; };
		77FE442C1ADF3EC2008A9B1F /* DetailViewController.xib */ = {isa = PBXFileReference; fileEncoding = 4; lastKnownFileType = file.xib; path = DetailViewController.xib; sourceTree = "<group>"; };
		77FE44311ADF41C8008A9B1F /* DetailViewController.h */ = {isa = PBXFileReference; fileEncoding = 4; lastKnownFileType = sourcecode.c.h; path = DetailViewController.h; sourceTree = "<group>"; };
		77FE44321ADF41C8008A9B1F /* DetailViewController.m */ = {isa = PBXFileReference; fileEncoding = 4; lastKnownFileType = sourcecode.c.objc; path = DetailViewController.m; sourceTree = "<group>"; };
/* End PBXFileReference section */

/* Begin PBXFrameworksBuildPhase section */
		7762A8281AC669F5000DA267 /* Frameworks */ = {
			isa = PBXFrameworksBuildPhase;
			buildActionMask = 2147483647;
			files = (
				7769A4381AF0776E00284CC8 /* CoreData.framework in Frameworks */,
			);
			runOnlyForDeploymentPostprocessing = 0;
		};
		7762A8411AC669F5000DA267 /* Frameworks */ = {
			isa = PBXFrameworksBuildPhase;
			buildActionMask = 2147483647;
			files = (
			);
			runOnlyForDeploymentPostprocessing = 0;
		};
/* End PBXFrameworksBuildPhase section */

/* Begin PBXGroup section */
		77060CB41ACF6ECF0054CE1B /* AFNetworking */ = {
			isa = PBXGroup;
			children = (
				77060CB51ACF6ED00054CE1B /* AFHTTPRequestOperation.h */,
				77060CB61ACF6ED00054CE1B /* AFHTTPRequestOperation.m */,
				77060CB71ACF6ED00054CE1B /* AFHTTPRequestOperationManager.h */,
				77060CB81ACF6ED00054CE1B /* AFHTTPRequestOperationManager.m */,
				77060CB91ACF6ED00054CE1B /* AFHTTPSessionManager.h */,
				77060CBA1ACF6ED00054CE1B /* AFHTTPSessionManager.m */,
				77060CBB1ACF6ED00054CE1B /* AFNetworking.h */,
				77060CBC1ACF6ED00054CE1B /* AFNetworkReachabilityManager.h */,
				77060CBD1ACF6ED00054CE1B /* AFNetworkReachabilityManager.m */,
				77060CBE1ACF6ED00054CE1B /* AFSecurityPolicy.h */,
				77060CBF1ACF6ED00054CE1B /* AFSecurityPolicy.m */,
				77060CC01ACF6ED00054CE1B /* AFURLConnectionOperation.h */,
				77060CC11ACF6ED00054CE1B /* AFURLConnectionOperation.m */,
				77060CC21ACF6ED00054CE1B /* AFURLRequestSerialization.h */,
				77060CC31ACF6ED00054CE1B /* AFURLRequestSerialization.m */,
				77060CC41ACF6ED00054CE1B /* AFURLResponseSerialization.h */,
				77060CC51ACF6ED00054CE1B /* AFURLResponseSerialization.m */,
				77060CC61ACF6ED00054CE1B /* AFURLSessionManager.h */,
				77060CC71ACF6ED00054CE1B /* AFURLSessionManager.m */,
			);
			path = AFNetworking;
			sourceTree = "<group>";
		};
		77060CC81ACF6ED00054CE1B /* UIKit+AFNetworking */ = {
			isa = PBXGroup;
			children = (
				77060CC91ACF6ED00054CE1B /* AFNetworkActivityIndicatorManager.h */,
				77060CCA1ACF6ED00054CE1B /* AFNetworkActivityIndicatorManager.m */,
				77060CCB1ACF6ED00054CE1B /* UIActivityIndicatorView+AFNetworking.h */,
				77060CCC1ACF6ED00054CE1B /* UIActivityIndicatorView+AFNetworking.m */,
				77060CCD1ACF6ED00054CE1B /* UIAlertView+AFNetworking.h */,
				77060CCE1ACF6ED00054CE1B /* UIAlertView+AFNetworking.m */,
				77060CCF1ACF6ED00054CE1B /* UIButton+AFNetworking.h */,
				77060CD01ACF6ED00054CE1B /* UIButton+AFNetworking.m */,
				77060CD11ACF6ED00054CE1B /* UIImageView+AFNetworking.h */,
				77060CD21ACF6ED00054CE1B /* UIImageView+AFNetworking.m */,
				77060CD31ACF6ED00054CE1B /* UIKit+AFNetworking.h */,
				77060CD41ACF6ED00054CE1B /* UIProgressView+AFNetworking.h */,
				77060CD51ACF6ED00054CE1B /* UIProgressView+AFNetworking.m */,
				77060CD61ACF6ED00054CE1B /* UIRefreshControl+AFNetworking.h */,
				77060CD71ACF6ED00054CE1B /* UIRefreshControl+AFNetworking.m */,
				77060CD81ACF6ED00054CE1B /* UIWebView+AFNetworking.h */,
				77060CD91ACF6ED00054CE1B /* UIWebView+AFNetworking.m */,
			);
			path = "UIKit+AFNetworking";
			sourceTree = "<group>";
		};
		7762A8221AC669F5000DA267 = {
			isa = PBXGroup;
			children = (
				7763657D1B198DAF00E22CCF /* SWRevealViewController */,
				7769A4371AF0776E00284CC8 /* CoreData.framework */,
				77060CB41ACF6ECF0054CE1B /* AFNetworking */,
				77060CC81ACF6ED00054CE1B /* UIKit+AFNetworking */,
				77C334671ACD26E000D75479 /* SDWebImage */,
				7762A82D1AC669F5000DA267 /* VinLoop */,
				7762A8471AC669F5000DA267 /* VinLoopTests */,
				7762A82C1AC669F5000DA267 /* Products */,
			);
			sourceTree = "<group>";
		};
		7762A82C1AC669F5000DA267 /* Products */ = {
			isa = PBXGroup;
			children = (
				7762A82B1AC669F5000DA267 /* VinLoop.app */,
				7762A8441AC669F5000DA267 /* VinLoopTests.xctest */,
			);
			name = Products;
			sourceTree = "<group>";
		};
		7762A82D1AC669F5000DA267 /* VinLoop */ = {
			isa = PBXGroup;
			children = (
				7769A4391AF0784200284CC8 /* vinloop.xcdatamodeld */,
				7762A8321AC669F5000DA267 /* VinLoopDelegate.h */,
				7762A8331AC669F5000DA267 /* VinLoopDelegate.m */,
				77B891921B19AB3800C2ED8F /* NavTableViewController */,
				776E4EB81B0AB0A700CE15E3 /* MainTableView */,
				776E4EB71B0AB06500CE15E3 /* VLSearchBar */,
				776E4EB31B0AAF5B00CE15E3 /* Filters */,
				776E4EB21B0AAF1D00CE15E3 /* Favorites */,
				776E4EB41B0AAF6D00CE15E3 /* Profile */,
				776E4EB51B0AAF9A00CE15E3 /* Detail View */,
				776E4EB91B0AB0E300CE15E3 /* HTTPDealLoader */,
				776E4EB61B0AB04E00CE15E3 /* Deal Item */,
				7762A8381AC669F5000DA267 /* Main.storyboard */,
				7762A83B1AC669F5000DA267 /* Images.xcassets */,
				7762A83D1AC669F5000DA267 /* LaunchScreen.xib */,
				7762A82E1AC669F5000DA267 /* Supporting Files */,
			);
			path = VinLoop;
			sourceTree = "<group>";
		};
		7762A82E1AC669F5000DA267 /* Supporting Files */ = {
			isa = PBXGroup;
			children = (
				772BA2771B1BC83F00E81D4A /* MyriadPro-Regular.otf */,
				772BA2781B1BC83F00E81D4A /* MyriadPro-Semibold.otf */,
				772BA2851B1C26F400E81D4A /* logo_520.png */,
				77B891871B19967300C2ED8F /* SectionHeaderView.xib */,
				77B891851B19967300C2ED8F /* carat-open.png */,
				77B891861B19967300C2ED8F /* carat.png */,
				7762A82F1AC669F5000DA267 /* Info.plist */,
				77095C611AE5924A00775C69 /* InfoPlist.strings */,
				7762A8301AC669F5000DA267 /* main.m */,
				7733746F1B155F0800BF7C57 /* SOLabel.h */,
				773374701B155F0800BF7C57 /* SOLabel.m */,
			);
			name = "Supporting Files";
			sourceTree = "<group>";
		};
		7762A8471AC669F5000DA267 /* VinLoopTests */ = {
			isa = PBXGroup;
			children = (
				7762A84A1AC669F5000DA267 /* VinLoopTests.m */,
				7762A8481AC669F5000DA267 /* Supporting Files */,
			);
			path = VinLoopTests;
			sourceTree = "<group>";
		};
		7762A8481AC669F5000DA267 /* Supporting Files */ = {
			isa = PBXGroup;
			children = (
				7762A8491AC669F5000DA267 /* Info.plist */,
			);
			name = "Supporting Files";
			sourceTree = "<group>";
		};
		7763657D1B198DAF00E22CCF /* SWRevealViewController */ = {
			isa = PBXGroup;
			children = (
				7763657E1B198DAF00E22CCF /* SWRevealViewController.h */,
				7763657F1B198DAF00E22CCF /* SWRevealViewController.m */,
			);
			path = SWRevealViewController;
			sourceTree = "<group>";
		};
		776E4EB21B0AAF1D00CE15E3 /* Favorites */ = {
			isa = PBXGroup;
			children = (
				7769A4321AF065E600284CC8 /* FavViewController.h */,
				7769A4331AF065E600284CC8 /* FavViewController.m */,
			);
			name = Favorites;
			sourceTree = "<group>";
		};
		776E4EB31B0AAF5B00CE15E3 /* Filters */ = {
			isa = PBXGroup;
			children = (
				776E4EBA1B0AB56500CE15E3 /* AccordianMenu */,
				77FC135D1AE869760097C42C /* FiltersViewController.h */,
				77FC135E1AE869760097C42C /* FiltersViewController.m */,
				77FC135F1AE869760097C42C /* FiltersViewController.xib */,
			);
			name = Filters;
			sourceTree = "<group>";
		};
		776E4EB41B0AAF6D00CE15E3 /* Profile */ = {
			isa = PBXGroup;
			children = (
				77FC13641AE8B5660097C42C /* ProfileViewController.xib */,
				77FC13631AE8B5660097C42C /* ProfileViewController.m */,
				77FC13621AE8B5660097C42C /* ProfileViewController.h */,
			);
			name = Profile;
			sourceTree = "<group>";
		};
		776E4EB51B0AAF9A00CE15E3 /* Detail View */ = {
			isa = PBXGroup;
			children = (
				77FE44311ADF41C8008A9B1F /* DetailViewController.h */,
				77FE44321ADF41C8008A9B1F /* DetailViewController.m */,
				77FE442C1ADF3EC2008A9B1F /* DetailViewController.xib */,
			);
			name = "Detail View";
			sourceTree = "<group>";
		};
		776E4EB61B0AB04E00CE15E3 /* Deal Item */ = {
			isa = PBXGroup;
			children = (
				7762A8571AC68C8E000DA267 /* DealItem.h */,
				7762A8581AC68C8E000DA267 /* DealItem.m */,
				7762A85A1AC6915C000DA267 /* DealItemCell.h */,
				7762A85B1AC6915C000DA267 /* DealItemCell.m */,
				7762A85C1AC6915C000DA267 /* DealItemCell.xib */,
			);
			name = "Deal Item";
			sourceTree = "<group>";
		};
		776E4EB71B0AB06500CE15E3 /* VLSearchBar */ = {
			isa = PBXGroup;
			children = (
				7734F4C41AF6DA89002C9CE2 /* VLSearchBar.h */,
				7734F4C51AF6DA89002C9CE2 /* VLSearchBar.m */,
				7734F4C71AF6DB0C002C9CE2 /* VLSearchController.h */,
				7734F4C81AF6DB0C002C9CE2 /* VLSearchController.m */,
			);
			name = VLSearchBar;
			sourceTree = "<group>";
		};
		776E4EB81B0AB0A700CE15E3 /* MainTableView */ = {
			isa = PBXGroup;
			children = (
				7762A8541AC66FB9000DA267 /* DealsTableViewController.h */,
				7762A8551AC66FB9000DA267 /* DealsTableViewController.m */,
				7734F4C21AF6AE12002C9CE2 /* DealsTableViewController.xib */,
			);
			name = MainTableView;
			sourceTree = "<group>";
		};
		776E4EB91B0AB0E300CE15E3 /* HTTPDealLoader */ = {
			isa = PBXGroup;
			children = (
				77060CEB1ACF6FAD0054CE1B /* DealsHTTPClient.h */,
				77060CEC1ACF6FAD0054CE1B /* DealsHTTPClient.m */,
			);
			name = HTTPDealLoader;
			sourceTree = "<group>";
		};
		776E4EBA1B0AB56500CE15E3 /* AccordianMenu */ = {
			isa = PBXGroup;
			children = (
				7733746C1B1528D800BF7C57 /* WineTypeCell.h */,
				7733746D1B1528D800BF7C57 /* WineTypeCell.m */,
				77A6D1561B145166001A5E0D /* WineTypeCell.xib */,
				77B891811B19967300C2ED8F /* APLSectionHeaderView.h */,
				77B891821B19967300C2ED8F /* APLSectionHeaderView.m */,
				77B891831B19967300C2ED8F /* APLSectionInfo.h */,
				77B891841B19967300C2ED8F /* APLSectionInfo.m */,
			);
			name = AccordianMenu;
			sourceTree = "<group>";
		};
		77B891921B19AB3800C2ED8F /* NavTableViewController */ = {
			isa = PBXGroup;
			children = (
				772BA27B1B1BDDD800E81D4A /* NavRowTableViewCell.h */,
				772BA27C1B1BDDD800E81D4A /* NavRowTableViewCell.m */,
				772BA27D1B1BDDD800E81D4A /* NavRowTableViewCell.xib */,
				77B8918D1B19AB1600C2ED8F /* NavTableViewController.h */,
				77B8918F1B19AB1600C2ED8F /* NavTableViewController.xib */,
				77B8918E1B19AB1600C2ED8F /* NavTableViewController.m */,
				772BA2801B1BF88E00E81D4A /* NavTopTableViewCell.h */,
				772BA2811B1BF88E00E81D4A /* NavTopTableViewCell.m */,
				772BA2821B1BF88E00E81D4A /* NavTopTableViewCell.xib */,
			);
			name = NavTableViewController;
			sourceTree = "<group>";
		};
		77C334671ACD26E000D75479 /* SDWebImage */ = {
			isa = PBXGroup;
			children = (
				77C334681ACD26E100D75479 /* MKAnnotationView+WebCache.h */,
				77C334691ACD26E100D75479 /* MKAnnotationView+WebCache.m */,
				77C3346A1ACD26E100D75479 /* NSData+ImageContentType.h */,
				77C3346B1ACD26E100D75479 /* NSData+ImageContentType.m */,
				77C3346C1ACD26E100D75479 /* SDImageCache.h */,
				77C3346D1ACD26E100D75479 /* SDImageCache.m */,
				77C3346E1ACD26E100D75479 /* SDWebImageCompat.h */,
				77C3346F1ACD26E100D75479 /* SDWebImageCompat.m */,
				77C334701ACD26E100D75479 /* SDWebImageDecoder.h */,
				77C334711ACD26E100D75479 /* SDWebImageDecoder.m */,
				77C334721ACD26E100D75479 /* SDWebImageDownloader.h */,
				77C334731ACD26E100D75479 /* SDWebImageDownloader.m */,
				77C334741ACD26E100D75479 /* SDWebImageDownloaderOperation.h */,
				77C334751ACD26E100D75479 /* SDWebImageDownloaderOperation.m */,
				77C334761ACD26E100D75479 /* SDWebImageManager.h */,
				77C334771ACD26E100D75479 /* SDWebImageManager.m */,
				77C334781ACD26E100D75479 /* SDWebImageOperation.h */,
				77C334791ACD26E100D75479 /* SDWebImagePrefetcher.h */,
				77C3347A1ACD26E100D75479 /* SDWebImagePrefetcher.m */,
				77C3347B1ACD26E100D75479 /* UIButton+WebCache.h */,
				77C3347C1ACD26E100D75479 /* UIButton+WebCache.m */,
				77C3347D1ACD26E100D75479 /* UIImage+GIF.h */,
				77C3347E1ACD26E100D75479 /* UIImage+GIF.m */,
				77C3347F1ACD26E100D75479 /* UIImage+MultiFormat.h */,
				77C334801ACD26E100D75479 /* UIImage+MultiFormat.m */,
				77C334811ACD26E100D75479 /* UIImage+WebP.h */,
				77C334821ACD26E100D75479 /* UIImage+WebP.m */,
				77C334831ACD26E100D75479 /* UIImageView+HighlightedWebCache.h */,
				77C334841ACD26E100D75479 /* UIImageView+HighlightedWebCache.m */,
				77C334851ACD26E100D75479 /* UIImageView+WebCache.h */,
				77C334861ACD26E100D75479 /* UIImageView+WebCache.m */,
				77C334871ACD26E100D75479 /* UIView+WebCacheOperation.h */,
				77C334881ACD26E100D75479 /* UIView+WebCacheOperation.m */,
			);
			path = SDWebImage;
			sourceTree = "<group>";
		};
/* End PBXGroup section */

/* Begin PBXNativeTarget section */
		7762A82A1AC669F5000DA267 /* VinLoop */ = {
			isa = PBXNativeTarget;
			buildConfigurationList = 7762A84E1AC669F5000DA267 /* Build configuration list for PBXNativeTarget "VinLoop" */;
			buildPhases = (
				7762A8271AC669F5000DA267 /* Sources */,
				7762A8281AC669F5000DA267 /* Frameworks */,
				7762A8291AC669F5000DA267 /* Resources */,
			);
			buildRules = (
			);
			dependencies = (
			);
			name = VinLoop;
			productName = VinLoop;
			productReference = 7762A82B1AC669F5000DA267 /* VinLoop.app */;
			productType = "com.apple.product-type.application";
		};
		7762A8431AC669F5000DA267 /* VinLoopTests */ = {
			isa = PBXNativeTarget;
			buildConfigurationList = 7762A8511AC669F5000DA267 /* Build configuration list for PBXNativeTarget "VinLoopTests" */;
			buildPhases = (
				7762A8401AC669F5000DA267 /* Sources */,
				7762A8411AC669F5000DA267 /* Frameworks */,
				7762A8421AC669F5000DA267 /* Resources */,
			);
			buildRules = (
			);
			dependencies = (
				7762A8461AC669F5000DA267 /* PBXTargetDependency */,
			);
			name = VinLoopTests;
			productName = VinLoopTests;
			productReference = 7762A8441AC669F5000DA267 /* VinLoopTests.xctest */;
			productType = "com.apple.product-type.bundle.unit-test";
		};
/* End PBXNativeTarget section */

/* Begin PBXProject section */
		7762A8231AC669F5000DA267 /* Project object */ = {
			isa = PBXProject;
			attributes = {
				LastUpgradeCheck = 0610;
				ORGANIZATIONNAME = Pandodroid;
				TargetAttributes = {
					7762A82A1AC669F5000DA267 = {
						CreatedOnToolsVersion = 6.1;
						DevelopmentTeam = 5C6JV6V29X;
					};
					7762A8431AC669F5000DA267 = {
						CreatedOnToolsVersion = 6.1;
						TestTargetID = 7762A82A1AC669F5000DA267;
					};
				};
			};
			buildConfigurationList = 7762A8261AC669F5000DA267 /* Build configuration list for PBXProject "VinLoop" */;
			compatibilityVersion = "Xcode 3.2";
			developmentRegion = English;
			hasScannedForEncodings = 0;
			knownRegions = (
				en,
				Base,
			);
			mainGroup = 7762A8221AC669F5000DA267;
			productRefGroup = 7762A82C1AC669F5000DA267 /* Products */;
			projectDirPath = "";
			projectRoot = "";
			targets = (
				7762A82A1AC669F5000DA267 /* VinLoop */,
				7762A8431AC669F5000DA267 /* VinLoopTests */,
			);
		};
/* End PBXProject section */

/* Begin PBXResourcesBuildPhase section */
		7762A8291AC669F5000DA267 /* Resources */ = {
			isa = PBXResourcesBuildPhase;
			buildActionMask = 2147483647;
			files = (
				772BA27A1B1BC83F00E81D4A /* MyriadPro-Semibold.otf in Resources */,
				7762A83A1AC669F5000DA267 /* Main.storyboard in Resources */,
				772BA27F1B1BDDD800E81D4A /* NavRowTableViewCell.xib in Resources */,
				772BA2841B1BF88E00E81D4A /* NavTopTableViewCell.xib in Resources */,
				77B891911B19AB1600C2ED8F /* NavTableViewController.xib in Resources */,
				77FE442D1ADF3EC2008A9B1F /* DetailViewController.xib in Resources */,
				77FC13611AE869760097C42C /* FiltersViewController.xib in Resources */,
				77B8918B1B19967300C2ED8F /* carat.png in Resources */,
				77B8918A1B19967300C2ED8F /* carat-open.png in Resources */,
				772BA2791B1BC83F00E81D4A /* MyriadPro-Regular.otf in Resources */,
				77A6D1571B145166001A5E0D /* WineTypeCell.xib in Resources */,
				7762A83F1AC669F5000DA267 /* LaunchScreen.xib in Resources */,
				77FC13661AE8B5660097C42C /* ProfileViewController.xib in Resources */,
				7762A85E1AC6915C000DA267 /* DealItemCell.xib in Resources */,
				77095C5F1AE5924A00775C69 /* InfoPlist.strings in Resources */,
				772BA2861B1C26F400E81D4A /* logo_520.png in Resources */,
				7734F4C31AF6AE12002C9CE2 /* DealsTableViewController.xib in Resources */,
				7762A83C1AC669F5000DA267 /* Images.xcassets in Resources */,
				77B8918C1B19967300C2ED8F /* SectionHeaderView.xib in Resources */,
			);
			runOnlyForDeploymentPostprocessing = 0;
		};
		7762A8421AC669F5000DA267 /* Resources */ = {
			isa = PBXResourcesBuildPhase;
			buildActionMask = 2147483647;
			files = (
			);
			runOnlyForDeploymentPostprocessing = 0;
		};
/* End PBXResourcesBuildPhase section */

/* Begin PBXSourcesBuildPhase section */
		7762A8271AC669F5000DA267 /* Sources */ = {
			isa = PBXSourcesBuildPhase;
			buildActionMask = 2147483647;
			files = (
				77060CE81ACF6ED00054CE1B /* UIProgressView+AFNetworking.m in Sources */,
				77060CDE1ACF6ED00054CE1B /* AFSecurityPolicy.m in Sources */,
				773374711B155F0800BF7C57 /* SOLabel.m in Sources */,
				77060CE61ACF6ED00054CE1B /* UIButton+AFNetworking.m in Sources */,
				7762A8561AC66FB9000DA267 /* DealsTableViewController.m in Sources */,
				77C334901ACD26E100D75479 /* SDWebImageManager.m in Sources */,
				77C3348B1ACD26E100D75479 /* SDImageCache.m in Sources */,
				772BA2831B1BF88E00E81D4A /* NavTopTableViewCell.m in Sources */,
				77B891901B19AB1600C2ED8F /* NavTableViewController.m in Sources */,
				7769A4351AF065E600284CC8 /* FavViewController.m in Sources */,
				77060CDF1ACF6ED00054CE1B /* AFURLConnectionOperation.m in Sources */,
				77C3348F1ACD26E100D75479 /* SDWebImageDownloaderOperation.m in Sources */,
				77C334981ACD26E100D75479 /* UIView+WebCacheOperation.m in Sources */,
				776365801B198DAF00E22CCF /* SWRevealViewController.m in Sources */,
				7762A85D1AC6915C000DA267 /* DealItemCell.m in Sources */,
				77B891891B19967300C2ED8F /* APLSectionInfo.m in Sources */,
				77060CE51ACF6ED00054CE1B /* UIAlertView+AFNetworking.m in Sources */,
				77060CEA1ACF6ED00054CE1B /* UIWebView+AFNetworking.m in Sources */,
				77060CE21ACF6ED00054CE1B /* AFURLSessionManager.m in Sources */,
				77060CE71ACF6ED00054CE1B /* UIImageView+AFNetworking.m in Sources */,
				77C334921ACD26E100D75479 /* UIButton+WebCache.m in Sources */,
				7734F4C91AF6DB0C002C9CE2 /* VLSearchController.m in Sources */,
				77C3348A1ACD26E100D75479 /* NSData+ImageContentType.m in Sources */,
				77060CE41ACF6ED00054CE1B /* UIActivityIndicatorView+AFNetworking.m in Sources */,
				77C334911ACD26E100D75479 /* SDWebImagePrefetcher.m in Sources */,
				77060CED1ACF6FAD0054CE1B /* DealsHTTPClient.m in Sources */,
				77C3348E1ACD26E100D75479 /* SDWebImageDownloader.m in Sources */,
				7762A8591AC68C8E000DA267 /* DealItem.m in Sources */,
				77FE44331ADF41C8008A9B1F /* DetailViewController.m in Sources */,
				7769A43B1AF0784200284CC8 /* vinloop.xcdatamodeld in Sources */,
				7733746E1B1528D800BF7C57 /* WineTypeCell.m in Sources */,
				77060CE91ACF6ED00054CE1B /* UIRefreshControl+AFNetworking.m in Sources */,
				772BA27E1B1BDDD800E81D4A /* NavRowTableViewCell.m in Sources */,
				77060CE11ACF6ED00054CE1B /* AFURLResponseSerialization.m in Sources */,
				77FC13601AE869760097C42C /* FiltersViewController.m in Sources */,
				77060CDB1ACF6ED00054CE1B /* AFHTTPRequestOperationManager.m in Sources */,
				77060CDA1ACF6ED00054CE1B /* AFHTTPRequestOperation.m in Sources */,
				77C334951ACD26E100D75479 /* UIImage+WebP.m in Sources */,
				77C334971ACD26E100D75479 /* UIImageView+WebCache.m in Sources */,
				77C3348D1ACD26E100D75479 /* SDWebImageDecoder.m in Sources */,
				77FC13651AE8B5660097C42C /* ProfileViewController.m in Sources */,
				77C334891ACD26E100D75479 /* MKAnnotationView+WebCache.m in Sources */,
				77060CDD1ACF6ED00054CE1B /* AFNetworkReachabilityManager.m in Sources */,
				77C3348C1ACD26E100D75479 /* SDWebImageCompat.m in Sources */,
				7734F4C61AF6DA89002C9CE2 /* VLSearchBar.m in Sources */,
				7762A8341AC669F5000DA267 /* VinLoopDelegate.m in Sources */,
				77060CE31ACF6ED00054CE1B /* AFNetworkActivityIndicatorManager.m in Sources */,
				7762A8311AC669F5000DA267 /* main.m in Sources */,
				77C334941ACD26E100D75479 /* UIImage+MultiFormat.m in Sources */,
				77C334961ACD26E100D75479 /* UIImageView+HighlightedWebCache.m in Sources */,
				77B891881B19967300C2ED8F /* APLSectionHeaderView.m in Sources */,
				77060CE01ACF6ED00054CE1B /* AFURLRequestSerialization.m in Sources */,
				77C334931ACD26E100D75479 /* UIImage+GIF.m in Sources */,
				77060CDC1ACF6ED00054CE1B /* AFHTTPSessionManager.m in Sources */,
			);
			runOnlyForDeploymentPostprocessing = 0;
		};
		7762A8401AC669F5000DA267 /* Sources */ = {
			isa = PBXSourcesBuildPhase;
			buildActionMask = 2147483647;
			files = (
				7762A84B1AC669F5000DA267 /* VinLoopTests.m in Sources */,
			);
			runOnlyForDeploymentPostprocessing = 0;
		};
/* End PBXSourcesBuildPhase section */

/* Begin PBXTargetDependency section */
		7762A8461AC669F5000DA267 /* PBXTargetDependency */ = {
			isa = PBXTargetDependency;
			target = 7762A82A1AC669F5000DA267 /* VinLoop */;
			targetProxy = 7762A8451AC669F5000DA267 /* PBXContainerItemProxy */;
		};
/* End PBXTargetDependency section */

/* Begin PBXVariantGroup section */
		77095C611AE5924A00775C69 /* InfoPlist.strings */ = {
			isa = PBXVariantGroup;
			children = (
				77095C601AE5924A00775C69 /* en */,
			);
			name = InfoPlist.strings;
			sourceTree = "<group>";
		};
		7762A8381AC669F5000DA267 /* Main.storyboard */ = {
			isa = PBXVariantGroup;
			children = (
				7762A8391AC669F5000DA267 /* Base */,
			);
			name = Main.storyboard;
			sourceTree = "<group>";
		};
		7762A83D1AC669F5000DA267 /* LaunchScreen.xib */ = {
			isa = PBXVariantGroup;
			children = (
				7762A83E1AC669F5000DA267 /* Base */,
			);
			name = LaunchScreen.xib;
			sourceTree = "<group>";
		};
/* End PBXVariantGroup section */

/* Begin XCBuildConfiguration section */
		7762A84C1AC669F5000DA267 /* Debug */ = {
			isa = XCBuildConfiguration;
			buildSettings = {
				ALWAYS_SEARCH_USER_PATHS = NO;
				CLANG_CXX_LANGUAGE_STANDARD = "gnu++0x";
				CLANG_CXX_LIBRARY = "libc++";
				CLANG_ENABLE_MODULES = YES;
				CLANG_ENABLE_OBJC_ARC = YES;
				CLANG_WARN_BOOL_CONVERSION = YES;
				CLANG_WARN_CONSTANT_CONVERSION = YES;
				CLANG_WARN_DIRECT_OBJC_ISA_USAGE = YES_ERROR;
				CLANG_WARN_EMPTY_BODY = YES;
				CLANG_WARN_ENUM_CONVERSION = YES;
				CLANG_WARN_INT_CONVERSION = YES;
				CLANG_WARN_OBJC_ROOT_CLASS = YES_ERROR;
				CLANG_WARN_UNREACHABLE_CODE = YES;
				CLANG_WARN__DUPLICATE_METHOD_MATCH = YES;
				"CODE_SIGN_IDENTITY[sdk=iphoneos*]" = "iPhone Developer";
				COPY_PHASE_STRIP = NO;
				ENABLE_STRICT_OBJC_MSGSEND = YES;
				GCC_C_LANGUAGE_STANDARD = gnu99;
				GCC_DYNAMIC_NO_PIC = NO;
				GCC_OPTIMIZATION_LEVEL = 0;
				GCC_PREPROCESSOR_DEFINITIONS = (
					"DEBUG=1",
					"$(inherited)",
				);
				GCC_SYMBOLS_PRIVATE_EXTERN = NO;
				GCC_WARN_64_TO_32_BIT_CONVERSION = YES;
				GCC_WARN_ABOUT_RETURN_TYPE = YES_ERROR;
				GCC_WARN_UNDECLARED_SELECTOR = YES;
				GCC_WARN_UNINITIALIZED_AUTOS = YES_AGGRESSIVE;
				GCC_WARN_UNUSED_FUNCTION = YES;
				GCC_WARN_UNUSED_VARIABLE = YES;
				IPHONEOS_DEPLOYMENT_TARGET = 8.1;
				MTL_ENABLE_DEBUG_INFO = YES;
				ONLY_ACTIVE_ARCH = YES;
				SDKROOT = iphoneos;
			};
			name = Debug;
		};
		7762A84D1AC669F5000DA267 /* Release */ = {
			isa = XCBuildConfiguration;
			buildSettings = {
				ALWAYS_SEARCH_USER_PATHS = NO;
				CLANG_CXX_LANGUAGE_STANDARD = "gnu++0x";
				CLANG_CXX_LIBRARY = "libc++";
				CLANG_ENABLE_MODULES = YES;
				CLANG_ENABLE_OBJC_ARC = YES;
				CLANG_WARN_BOOL_CONVERSION = YES;
				CLANG_WARN_CONSTANT_CONVERSION = YES;
				CLANG_WARN_DIRECT_OBJC_ISA_USAGE = YES_ERROR;
				CLANG_WARN_EMPTY_BODY = YES;
				CLANG_WARN_ENUM_CONVERSION = YES;
				CLANG_WARN_INT_CONVERSION = YES;
				CLANG_WARN_OBJC_ROOT_CLASS = YES_ERROR;
				CLANG_WARN_UNREACHABLE_CODE = YES;
				CLANG_WARN__DUPLICATE_METHOD_MATCH = YES;
				"CODE_SIGN_IDENTITY[sdk=iphoneos*]" = "iPhone Developer";
				COPY_PHASE_STRIP = YES;
				ENABLE_NS_ASSERTIONS = NO;
				ENABLE_STRICT_OBJC_MSGSEND = YES;
				GCC_C_LANGUAGE_STANDARD = gnu99;
				GCC_WARN_64_TO_32_BIT_CONVERSION = YES;
				GCC_WARN_ABOUT_RETURN_TYPE = YES_ERROR;
				GCC_WARN_UNDECLARED_SELECTOR = YES;
				GCC_WARN_UNINITIALIZED_AUTOS = YES_AGGRESSIVE;
				GCC_WARN_UNUSED_FUNCTION = YES;
				GCC_WARN_UNUSED_VARIABLE = YES;
				IPHONEOS_DEPLOYMENT_TARGET = 8.1;
				MTL_ENABLE_DEBUG_INFO = NO;
				SDKROOT = iphoneos;
				VALIDATE_PRODUCT = YES;
			};
			name = Release;
		};
		7762A84F1AC669F5000DA267 /* Debug */ = {
			isa = XCBuildConfiguration;
			buildSettings = {
				ASSETCATALOG_COMPILER_APPICON_NAME = AppIcon;
				CODE_SIGN_IDENTITY = "iPhone Developer";
				"CODE_SIGN_IDENTITY[sdk=iphoneos*]" = "iPhone Developer";
				INFOPLIST_FILE = VinLoop/Info.plist;
				IPHONEOS_DEPLOYMENT_TARGET = 8.1;
				LD_RUNPATH_SEARCH_PATHS = "$(inherited) @executable_path/Frameworks";
				PRODUCT_NAME = "$(TARGET_NAME)";
				PROVISIONING_PROFILE = "";
				TARGETED_DEVICE_FAMILY = 1;
			};
			name = Debug;
		};
		7762A8501AC669F5000DA267 /* Release */ = {
			isa = XCBuildConfiguration;
			buildSettings = {
				ASSETCATALOG_COMPILER_APPICON_NAME = AppIcon;
				CODE_SIGN_IDENTITY = "iPhone Developer";
				"CODE_SIGN_IDENTITY[sdk=iphoneos*]" = "iPhone Developer";
				INFOPLIST_FILE = VinLoop/Info.plist;
				IPHONEOS_DEPLOYMENT_TARGET = 8.1;
				LD_RUNPATH_SEARCH_PATHS = "$(inherited) @executable_path/Frameworks";
				PRODUCT_NAME = "$(TARGET_NAME)";
				PROVISIONING_PROFILE = "";
				TARGETED_DEVICE_FAMILY = 1;
			};
			name = Release;
		};
		7762A8521AC669F5000DA267 /* Debug */ = {
			isa = XCBuildConfiguration;
			buildSettings = {
				BUNDLE_LOADER = "$(TEST_HOST)";
				FRAMEWORK_SEARCH_PATHS = (
					"$(SDKROOT)/Developer/Library/Frameworks",
					"$(inherited)",
				);
				GCC_PREPROCESSOR_DEFINITIONS = (
					"DEBUG=1",
					"$(inherited)",
				);
				INFOPLIST_FILE = VinLoopTests/Info.plist;
				LD_RUNPATH_SEARCH_PATHS = "$(inherited) @executable_path/Frameworks @loader_path/Frameworks";
				PRODUCT_NAME = "$(TARGET_NAME)";
				TEST_HOST = "$(BUILT_PRODUCTS_DIR)/VinLoop.app/VinLoop";
			};
			name = Debug;
		};
		7762A8531AC669F5000DA267 /* Release */ = {
			isa = XCBuildConfiguration;
			buildSettings = {
				BUNDLE_LOADER = "$(TEST_HOST)";
				FRAMEWORK_SEARCH_PATHS = (
					"$(SDKROOT)/Developer/Library/Frameworks",
					"$(inherited)",
				);
				INFOPLIST_FILE = VinLoopTests/Info.plist;
				LD_RUNPATH_SEARCH_PATHS = "$(inherited) @executable_path/Frameworks @loader_path/Frameworks";
				PRODUCT_NAME = "$(TARGET_NAME)";
				TEST_HOST = "$(BUILT_PRODUCTS_DIR)/VinLoop.app/VinLoop";
			};
			name = Release;
		};
/* End XCBuildConfiguration section */

/* Begin XCConfigurationList section */
		7762A8261AC669F5000DA267 /* Build configuration list for PBXProject "VinLoop" */ = {
			isa = XCConfigurationList;
			buildConfigurations = (
				7762A84C1AC669F5000DA267 /* Debug */,
				7762A84D1AC669F5000DA267 /* Release */,
			);
			defaultConfigurationIsVisible = 0;
			defaultConfigurationName = Release;
		};
		7762A84E1AC669F5000DA267 /* Build configuration list for PBXNativeTarget "VinLoop" */ = {
			isa = XCConfigurationList;
			buildConfigurations = (
				7762A84F1AC669F5000DA267 /* Debug */,
				7762A8501AC669F5000DA267 /* Release */,
			);
			defaultConfigurationIsVisible = 0;
			defaultConfigurationName = Release;
		};
		7762A8511AC669F5000DA267 /* Build configuration list for PBXNativeTarget "VinLoopTests" */ = {
			isa = XCConfigurationList;
			buildConfigurations = (
				7762A8521AC669F5000DA267 /* Debug */,
				7762A8531AC669F5000DA267 /* Release */,
			);
			defaultConfigurationIsVisible = 0;
			defaultConfigurationName = Release;
		};
/* End XCConfigurationList section */

/* Begin XCVersionGroup section */
		7769A4391AF0784200284CC8 /* vinloop.xcdatamodeld */ = {
			isa = XCVersionGroup;
			children = (
				7769A43A1AF0784200284CC8 /* vinloop.xcdatamodel */,
			);
			currentVersion = 7769A43A1AF0784200284CC8 /* vinloop.xcdatamodel */;
			path = vinloop.xcdatamodeld;
			sourceTree = "<group>";
			versionGroupType = wrapper.xcdatamodel;
		};
/* End XCVersionGroup section */
	};
	rootObject = 7762A8231AC669F5000DA267 /* Project object */;
}
